
Microsoft Visual Studio Solution File, Format Version 12.00
# Visual Studio Version 17
VisualStudioVersion = 17.6.33829.357
MinimumVisualStudioVersion = 10.0.40219.1
Project("{FAE04EC0-301F-11D3-BF4B-00C04F79EFBC}") = "CSGO-AutoAccept.exe", "CSGO-AutoAccept.exe\CSGO-AutoAccept.exe.csproj", "{46A456E1-FD1E-46DD-A0CC-1ACEB862F9D6}"
EndProject
Global
	GlobalSection(SolutionConfigurationPlatforms) = preSolution
		Debug|Any CPU = Debug|Any CPU
		Release|Any CPU = Release|Any CPU
	EndGlobalSection
	GlobalSection(ProjectConfigurationPlatforms) = postSolution
		{46A456E1-FD1E-46DD-A0CC-1ACEB862F9D6}.Debug|Any CPU.ActiveCfg = Debug|Any CPU
		{46A456E1-FD1E-46DD-A0CC-1ACEB862F9D6}.Debug|Any CPU.Build.0 = Debug|Any CPU
		{46A456E1-FD1E-46DD-A0CC-1ACEB862F9D6}.Release|Any CPU.ActiveCfg = Release|Any CPU
		{46A456E1-FD1E-46DD-A0CC-1ACEB862F9D6}.Release|Any CPU.Build.0 = Release|Any CPU
	EndGlobalSection
	GlobalSection(SolutionProperties) = preSolution
		HideSolutionNode = FALSE
	EndGlobalSection
	GlobalSection(ExtensibilityGlobals) = postSolution
		SolutionGuid = {3D20AB80-066B-43F9-8829-08DAEDBDD373}
	EndGlobalSection
EndGlobal
